
Microsoft Visual Studio Solution File, Format Version 12.00
# Visual Studio Version 16
VisualStudioVersion = 16.0.31025.194
MinimumVisualStudioVersion = 10.0.40219.1
Project("{FAE04EC0-301F-11D3-BF4B-00C04F79EFBC}") = "farm_company_v1", "farm_company_v1\farm_company_v1.csproj", "{9C29B38F-53AF-4553-A458-CD9007DE7DE7}"
EndProject
Global
	GlobalSection(SolutionConfigurationPlatforms) = preSolution
		Debug|Any CPU = Debug|Any CPU
		Release|Any CPU = Release|Any CPU
	EndGlobalSection
	GlobalSection(ProjectConfigurationPlatforms) = postSolution
		{9C29B38F-53AF-4553-A458-CD9007DE7DE7}.Debug|Any CPU.ActiveCfg = Debug|Any CPU
		{9C29B38F-53AF-4553-A458-CD9007DE7DE7}.Debug|Any CPU.Build.0 = Debug|Any CPU
		{9C29B38F-53AF-4553-A458-CD9007DE7DE7}.Release|Any CPU.ActiveCfg = Release|Any CPU
		{9C29B38F-53AF-4553-A458-CD9007DE7DE7}.Release|Any CPU.Build.0 = Release|Any CPU
	EndGlobalSection
	GlobalSection(SolutionProperties) = preSolution
		HideSolutionNode = FALSE
	EndGlobalSection
	GlobalSection(ExtensibilityGlobals) = postSolution
		SolutionGuid = {14B4E0F9-D2FD-47EB-B77F-4C42FB7B46F2}
	EndGlobalSection
EndGlobal
